
Microsoft Visual Studio Solution File, Format Version 12.00
# Visual Studio Version 17
VisualStudioVersion = 17.5.33627.172
MinimumVisualStudioVersion = 10.0.40219.1
Project("{9A19103F-16F7-4668-BE54-9A1E7A4F7556}") = "EverythingNet", "EverythingNet\EverythingNet.csproj", "{C6CC7352-F58B-4274-B629-A15A7F3C69CD}"
EndProject
Project("{FAE04EC0-301F-11D3-BF4B-00C04F79EFBC}") = "EverythingNet.Console", "EverythingNet.Console\EverythingNet.Console.csproj", "{EF8167D9-3FDC-43D1-B3A0-838774E1B331}"
EndProject
Global
	GlobalSection(SolutionConfigurationPlatforms) = preSolution
		Debug|Any CPU = Debug|Any CPU
		Debug|x64 = Debug|x64
		Release|Any CPU = Release|Any CPU
		Release|x64 = Release|x64
	EndGlobalSection
	GlobalSection(ProjectConfigurationPlatforms) = postSolution
		{C6CC7352-F58B-4274-B629-A15A7F3C69CD}.Debug|Any CPU.ActiveCfg = Debug|Any CPU
		{C6CC7352-F58B-4274-B629-A15A7F3C69CD}.Debug|Any CPU.Build.0 = Debug|Any CPU
		{C6CC7352-F58B-4274-B629-A15A7F3C69CD}.Debug|x64.ActiveCfg = Debug|x64
		{C6CC7352-F58B-4274-B629-A15A7F3C69CD}.Debug|x64.Build.0 = Debug|x64
		{C6CC7352-F58B-4274-B629-A15A7F3C69CD}.Release|Any CPU.ActiveCfg = Release|x64
		{C6CC7352-F58B-4274-B629-A15A7F3C69CD}.Release|x64.ActiveCfg = Release|x64
		{C6CC7352-F58B-4274-B629-A15A7F3C69CD}.Release|x64.Build.0 = Release|x64
		{EF8167D9-3FDC-43D1-B3A0-838774E1B331}.Debug|Any CPU.ActiveCfg = Debug|Any CPU
		{EF8167D9-3FDC-43D1-B3A0-838774E1B331}.Debug|Any CPU.Build.0 = Debug|Any CPU
		{EF8167D9-3FDC-43D1-B3A0-838774E1B331}.Debug|x64.ActiveCfg = Debug|Any CPU
		{EF8167D9-3FDC-43D1-B3A0-838774E1B331}.Debug|x64.Build.0 = Debug|Any CPU
		{EF8167D9-3FDC-43D1-B3A0-838774E1B331}.Release|Any CPU.ActiveCfg = Release|Any CPU
		{EF8167D9-3FDC-43D1-B3A0-838774E1B331}.Release|Any CPU.Build.0 = Release|Any CPU
		{EF8167D9-3FDC-43D1-B3A0-838774E1B331}.Release|x64.ActiveCfg = Release|Any CPU
		{EF8167D9-3FDC-43D1-B3A0-838774E1B331}.Release|x64.Build.0 = Release|Any CPU
	EndGlobalSection
	GlobalSection(SolutionProperties) = preSolution
		HideSolutionNode = FALSE
	EndGlobalSection
	GlobalSection(ExtensibilityGlobals) = postSolution
		SolutionGuid = {E0FCA274-2729-4720-9262-C1983BE5D378}
	EndGlobalSection
EndGlobal
